
Microsoft Visual Studio Solution File, Format Version 12.00
# Visual Studio Version 17
VisualStudioVersion = 17.13.35806.99 d17.13
MinimumVisualStudioVersion = 10.0.40219.1
Project("{FAE04EC0-301F-11D3-BF4B-00C04F79EFBC}") = "ProyectoPooVF", "ProyectoPooVF\ProyectoPooVF.csproj", "{501951A7-6BDB-43EA-9658-94AC84DD4086}"
EndProject
Global
	GlobalSection(SolutionConfigurationPlatforms) = preSolution
		Debug|Any CPU = Debug|Any CPU
		Release|Any CPU = Release|Any CPU
	EndGlobalSection
	GlobalSection(ProjectConfigurationPlatforms) = postSolution
		{501951A7-6BDB-43EA-9658-94AC84DD4086}.Debug|Any CPU.ActiveCfg = Debug|Any CPU
		{501951A7-6BDB-43EA-9658-94AC84DD4086}.Debug|Any CPU.Build.0 = Debug|Any CPU
		{501951A7-6BDB-43EA-9658-94AC84DD4086}.Release|Any CPU.ActiveCfg = Release|Any CPU
		{501951A7-6BDB-43EA-9658-94AC84DD4086}.Release|Any CPU.Build.0 = Release|Any CPU
	EndGlobalSection
	GlobalSection(SolutionProperties) = preSolution
		HideSolutionNode = FALSE
	EndGlobalSection
	GlobalSection(ExtensibilityGlobals) = postSolution
		SolutionGuid = {56658723-49E6-43C9-B4D0-34BA229C43DF}
	EndGlobalSection
EndGlobal
